
Microsoft Visual Studio Solution File, Format Version 12.00
# Visual Studio Version 16
VisualStudioVersion = 16.0.28803.452
MinimumVisualStudioVersion = 10.0.40219.1
Project("{FAE04EC0-301F-11D3-BF4B-00C04F79EFBC}") = "WpfApp1", "WpfApp1\WpfApp1.csproj", "{2D22DBA8-92A2-4FBE-9599-D4C326D4BB19}"
EndProject
Global
	GlobalSection(SolutionConfigurationPlatforms) = preSolution
		Debug|Any CPU = Debug|Any CPU
		Release|Any CPU = Release|Any CPU
	EndGlobalSection
	GlobalSection(ProjectConfigurationPlatforms) = postSolution
		{2D22DBA8-92A2-4FBE-9599-D4C326D4BB19}.Debug|Any CPU.ActiveCfg = Debug|Any CPU
		{2D22DBA8-92A2-4FBE-9599-D4C326D4BB19}.Debug|Any CPU.Build.0 = Debug|Any CPU
		{2D22DBA8-92A2-4FBE-9599-D4C326D4BB19}.Release|Any CPU.ActiveCfg = Release|Any CPU
		{2D22DBA8-92A2-4FBE-9599-D4C326D4BB19}.Release|Any CPU.Build.0 = Release|Any CPU
	EndGlobalSection
	GlobalSection(SolutionProperties) = preSolution
		HideSolutionNode = FALSE
	EndGlobalSection
	GlobalSection(ExtensibilityGlobals) = postSolution
		SolutionGuid = {40F7053D-1252-4B55-B62D-B8E7B0C5ED96}
	EndGlobalSection
EndGlobal
